
Microsoft Visual Studio Solution File, Format Version 12.00
# Visual Studio Version 17
VisualStudioVersion = 17.0.31903.59
MinimumVisualStudioVersion = 10.0.40219.1
Project("{2150E333-8FDC-42A3-9474-1A3956D46DE8}") = "src", "src", "{295D5E42-81BA-4428-AD0F-8DC13A6505DC}"
EndProject
Project("{9A19103F-16F7-4668-BE54-9A1E7A4F7556}") = "SoftTouch.Spirv.Experiments", "src\SoftTouch.Spirv.Experiments\SoftTouch.Spirv.Experiments.csproj", "{D89A2F58-2F40-4F62-8D99-6C5E3739C324}"
EndProject
Project("{9A19103F-16F7-4668-BE54-9A1E7A4F7556}") = "SoftTouch.Spirv.Core.Benchmarks", "src\SoftTouch.Spirv.Core.Benchmarks\SoftTouch.Spirv.Core.Benchmarks.csproj", "{10A7CAD1-B8F8-4D84-99DB-60C59DA45C19}"
EndProject
Project("{9A19103F-16F7-4668-BE54-9A1E7A4F7556}") = "SoftTouch.Spirv.Core", "src\SoftTouch.Spirv.Core\SoftTouch.Spirv.Core.csproj", "{5995F9F5-FF4E-4CA8-9500-36770D96AC7E}"
EndProject
Project("{9A19103F-16F7-4668-BE54-9A1E7A4F7556}") = "SoftTouch.Spirv", "src\SoftTouch.Spirv\SoftTouch.Spirv.csproj", "{57D89F3C-3D87-4595-A227-49C9B0F75C2A}"
EndProject
Project("{9A19103F-16F7-4668-BE54-9A1E7A4F7556}") = "SoftTouch.Spirv.Generators", "src\SoftTouch.Spirv.Generators\SoftTouch.Spirv.Generators.csproj", "{1CEDEDB6-F9A5-4BBE-8C06-4E56C15F0371}"
EndProject
Global
	GlobalSection(SolutionConfigurationPlatforms) = preSolution
		Debug|Any CPU = Debug|Any CPU
		Release|Any CPU = Release|Any CPU
	EndGlobalSection
	GlobalSection(ProjectConfigurationPlatforms) = postSolution
		{D89A2F58-2F40-4F62-8D99-6C5E3739C324}.Debug|Any CPU.ActiveCfg = Debug|Any CPU
		{D89A2F58-2F40-4F62-8D99-6C5E3739C324}.Debug|Any CPU.Build.0 = Debug|Any CPU
		{D89A2F58-2F40-4F62-8D99-6C5E3739C324}.Release|Any CPU.ActiveCfg = Release|Any CPU
		{D89A2F58-2F40-4F62-8D99-6C5E3739C324}.Release|Any CPU.Build.0 = Release|Any CPU
		{10A7CAD1-B8F8-4D84-99DB-60C59DA45C19}.Debug|Any CPU.ActiveCfg = Debug|Any CPU
		{10A7CAD1-B8F8-4D84-99DB-60C59DA45C19}.Debug|Any CPU.Build.0 = Debug|Any CPU
		{10A7CAD1-B8F8-4D84-99DB-60C59DA45C19}.Release|Any CPU.ActiveCfg = Release|Any CPU
		{10A7CAD1-B8F8-4D84-99DB-60C59DA45C19}.Release|Any CPU.Build.0 = Release|Any CPU
		{5995F9F5-FF4E-4CA8-9500-36770D96AC7E}.Debug|Any CPU.ActiveCfg = Debug|Any CPU
		{5995F9F5-FF4E-4CA8-9500-36770D96AC7E}.Debug|Any CPU.Build.0 = Debug|Any CPU
		{5995F9F5-FF4E-4CA8-9500-36770D96AC7E}.Release|Any CPU.ActiveCfg = Release|Any CPU
		{5995F9F5-FF4E-4CA8-9500-36770D96AC7E}.Release|Any CPU.Build.0 = Release|Any CPU
		{57D89F3C-3D87-4595-A227-49C9B0F75C2A}.Debug|Any CPU.ActiveCfg = Debug|Any CPU
		{57D89F3C-3D87-4595-A227-49C9B0F75C2A}.Debug|Any CPU.Build.0 = Debug|Any CPU
		{57D89F3C-3D87-4595-A227-49C9B0F75C2A}.Release|Any CPU.ActiveCfg = Release|Any CPU
		{57D89F3C-3D87-4595-A227-49C9B0F75C2A}.Release|Any CPU.Build.0 = Release|Any CPU
		{1CEDEDB6-F9A5-4BBE-8C06-4E56C15F0371}.Debug|Any CPU.ActiveCfg = Debug|Any CPU
		{1CEDEDB6-F9A5-4BBE-8C06-4E56C15F0371}.Debug|Any CPU.Build.0 = Debug|Any CPU
		{1CEDEDB6-F9A5-4BBE-8C06-4E56C15F0371}.Release|Any CPU.ActiveCfg = Release|Any CPU
		{1CEDEDB6-F9A5-4BBE-8C06-4E56C15F0371}.Release|Any CPU.Build.0 = Release|Any CPU
	EndGlobalSection
	GlobalSection(SolutionProperties) = preSolution
		HideSolutionNode = FALSE
	EndGlobalSection
	GlobalSection(NestedProjects) = preSolution
		{D89A2F58-2F40-4F62-8D99-6C5E3739C324} = {295D5E42-81BA-4428-AD0F-8DC13A6505DC}
		{10A7CAD1-B8F8-4D84-99DB-60C59DA45C19} = {295D5E42-81BA-4428-AD0F-8DC13A6505DC}
		{5995F9F5-FF4E-4CA8-9500-36770D96AC7E} = {295D5E42-81BA-4428-AD0F-8DC13A6505DC}
		{57D89F3C-3D87-4595-A227-49C9B0F75C2A} = {295D5E42-81BA-4428-AD0F-8DC13A6505DC}
		{1CEDEDB6-F9A5-4BBE-8C06-4E56C15F0371} = {295D5E42-81BA-4428-AD0F-8DC13A6505DC}
	EndGlobalSection
	GlobalSection(ExtensibilityGlobals) = postSolution
		SolutionGuid = {05435A11-7131-4049-90D5-49892F20BF6C}
	EndGlobalSection
EndGlobal
